// !$*UTF8*$!
{
	archiveVersion = 1;
	classes = {
	};
	objectVersion = 55;
	objects = {

/* Begin PBXBuildFile section */
		3C1F01C8286E93CB0065D5AD /* AppDelegate.swift in Sources */ = {isa = PBXBuildFile; fileRef = 3C1F01C7286E93CB0065D5AD /* AppDelegate.swift */; };
		3C1F01CA286E93CB0065D5AD /* SceneDelegate.swift in Sources */ = {isa = PBXBuildFile; fileRef = 3C1F01C9286E93CB0065D5AD /* SceneDelegate.swift */; };
		3C1F01CC286E93CB0065D5AD /* ViewController.swift in Sources */ = {isa = PBXBuildFile; fileRef = 3C1F01CB286E93CB0065D5AD /* ViewController.swift */; };
		3C1F01CF286E93CB0065D5AD /* Main.storyboard in Resources */ = {isa = PBXBuildFile; fileRef = 3C1F01CD286E93CB0065D5AD /* Main.storyboard */; };
		3C1F01D2286E93CB0065D5AD /* carros.xcdatamodeld in Sources */ = {isa = PBXBuildFile; fileRef = 3C1F01D0286E93CB0065D5AD /* carros.xcdatamodeld */; };
		3C1F01D4286E93CF0065D5AD /* Assets.xcassets in Resources */ = {isa = PBXBuildFile; fileRef = 3C1F01D3286E93CF0065D5AD /* Assets.xcassets */; };
		3C1F01D7286E93CF0065D5AD /* LaunchScreen.storyboard in Resources */ = {isa = PBXBuildFile; fileRef = 3C1F01D5286E93CF0065D5AD /* LaunchScreen.storyboard */; };
/* End PBXBuildFile section */

/* Begin PBXFileReference section */
		3C1F01C4286E93CB0065D5AD /* carros.app */ = {isa = PBXFileReference; explicitFileType = wrapper.application; includeInIndex = 0; path = carros.app; sourceTree = BUILT_PRODUCTS_DIR; };
		3C1F01C7286E93CB0065D5AD /* AppDelegate.swift */ = {isa = PBXFileReference; lastKnownFileType = sourcecode.swift; path = AppDelegate.swift; sourceTree = "<group>"; };
		3C1F01C9286E93CB0065D5AD /* SceneDelegate.swift */ = {isa = PBXFileReference; lastKnownFileType = sourcecode.swift; path = SceneDelegate.swift; sourceTree = "<group>"; };
		3C1F01CB286E93CB0065D5AD /* ViewController.swift */ = {isa = PBXFileReference; lastKnownFileType = sourcecode.swift; path = ViewController.swift; sourceTree = "<group>"; };
		3C1F01CE286E93CB0065D5AD /* Base */ = {isa = PBXFileReference; lastKnownFileType = file.storyboard; name = Base; path = Base.lproj/Main.storyboard; sourceTree = "<group>"; };
		3C1F01D1286E93CB0065D5AD /* carros.xcdatamodel */ = {isa = PBXFileReference; lastKnownFileType = wrapper.xcdatamodel; path = carros.xcdatamodel; sourceTree = "<group>"; };
		3C1F01D3286E93CF0065D5AD /* Assets.xcassets */ = {isa = PBXFileReference; lastKnownFileType = folder.assetcatalog; path = Assets.xcassets; sourceTree = "<group>"; };
		3C1F01D6286E93CF0065D5AD /* Base */ = {isa = PBXFileReference; lastKnownFileType = file.storyboard; name = Base; path = Base.lproj/LaunchScreen.storyboard; sourceTree = "<group>"; };
		3C1F01D8286E93CF0065D5AD /* Info.plist */ = {isa = PBXFileReference; lastKnownFileType = text.plist.xml; path = Info.plist; sourceTree = "<group>"; };
/* End PBXFileReference section */

/* Begin PBXFrameworksBuildPhase section */
		3C1F01C1286E93CB0065D5AD /* Frameworks */ = {
			isa = PBXFrameworksBuildPhase;
			buildActionMask = 2147483647;
			files = (
			);
			runOnlyForDeploymentPostprocessing = 0;
		};
/* End PBXFrameworksBuildPhase section */

/* Begin PBXGroup section */
		3C1F01BB286E93CB0065D5AD = {
			isa = PBXGroup;
			children = (
				3C1F01C6286E93CB0065D5AD /* carros */,
				3C1F01C5286E93CB0065D5AD /* Products */,
			);
			sourceTree = "<group>";
		};
		3C1F01C5286E93CB0065D5AD /* Products */ = {
			isa = PBXGroup;
			children = (
				3C1F01C4286E93CB0065D5AD /* carros.app */,
			);
			name = Products;
			sourceTree = "<group>";
		};
		3C1F01C6286E93CB0065D5AD /* carros */ = {
			isa = PBXGroup;
			children = (
				3C1F01DE286E93D90065D5AD /* Soucer */,
				3C1F01DF286E93DC0065D5AD /* Aplication */,
				3C1F01D3286E93CF0065D5AD /* Assets.xcassets */,
				3C1F01D5286E93CF0065D5AD /* LaunchScreen.storyboard */,
				3C1F01D8286E93CF0065D5AD /* Info.plist */,
				3C1F01D0286E93CB0065D5AD /* carros.xcdatamodeld */,
			);
			path = carros;
			sourceTree = "<group>";
		};
		3C1F01DE286E93D90065D5AD /* Soucer */ = {
			isa = PBXGroup;
			children = (
				3C1F01E2286E941C0065D5AD /* Controller */,
				3C1F01E1286E94160065D5AD /* Model */,
				3C1F01E0286E93E30065D5AD /* View */,
			);
			path = Soucer;
			sourceTree = "<group>";
		};
		3C1F01DF286E93DC0065D5AD /* Aplication */ = {
			isa = PBXGroup;
			children = (
				3C1F01C9286E93CB0065D5AD /* SceneDelegate.swift */,
				3C1F01C7286E93CB0065D5AD /* AppDelegate.swift */,
			);
			path = Aplication;
			sourceTree = "<group>";
		};
		3C1F01E0286E93E30065D5AD /* View */ = {
			isa = PBXGroup;
			children = (
				3C1F01CD286E93CB0065D5AD /* Main.storyboard */,
			);
			path = View;
			sourceTree = "<group>";
		};
		3C1F01E1286E94160065D5AD /* Model */ = {
			isa = PBXGroup;
			children = (
			);
			path = Model;
			sourceTree = "<group>";
		};
		3C1F01E2286E941C0065D5AD /* Controller */ = {
			isa = PBXGroup;
			children = (
				3C1F01CB286E93CB0065D5AD /* ViewController.swift */,
			);
			path = Controller;
			sourceTree = "<group>";
		};
/* End PBXGroup section */

/* Begin PBXNativeTarget section */
		3C1F01C3286E93CB0065D5AD /* carros */ = {
			isa = PBXNativeTarget;
			buildConfigurationList = 3C1F01DB286E93CF0065D5AD /* Build configuration list for PBXNativeTarget "carros" */;
			buildPhases = (
				3C1F01C0286E93CB0065D5AD /* Sources */,
				3C1F01C1286E93CB0065D5AD /* Frameworks */,
				3C1F01C2286E93CB0065D5AD /* Resources */,
			);
			buildRules = (
			);
			dependencies = (
			);
			name = carros;
			productName = carros;
			productReference = 3C1F01C4286E93CB0065D5AD /* carros.app */;
			productType = "com.apple.product-type.application";
		};
/* End PBXNativeTarget section */

/* Begin PBXProject section */
		3C1F01BC286E93CB0065D5AD /* Project object */ = {
			isa = PBXProject;
			attributes = {
				BuildIndependentTargetsInParallel = 1;
				LastSwiftUpdateCheck = 1340;
				LastUpgradeCheck = 1340;
				TargetAttributes = {
					3C1F01C3286E93CB0065D5AD = {
						CreatedOnToolsVersion = 13.4.1;
					};
				};
			};
			buildConfigurationList = 3C1F01BF286E93CB0065D5AD /* Build configuration list for PBXProject "carros" */;
			compatibilityVersion = "Xcode 13.0";
			developmentRegion = en;
			hasScannedForEncodings = 0;
			knownRegions = (
				en,
				Base,
			);
			mainGroup = 3C1F01BB286E93CB0065D5AD;
			productRefGroup = 3C1F01C5286E93CB0065D5AD /* Products */;
			projectDirPath = "";
			projectRoot = "";
			targets = (
				3C1F01C3286E93CB0065D5AD /* carros */,
			);
		};
/* End PBXProject section */

/* Begin PBXResourcesBuildPhase section */
		3C1F01C2286E93CB0065D5AD /* Resources */ = {
			isa = PBXResourcesBuildPhase;
			buildActionMask = 2147483647;
			files = (
				3C1F01D7286E93CF0065D5AD /* LaunchScreen.storyboard in Resources */,
				3C1F01D4286E93CF0065D5AD /* Assets.xcassets in Resources */,
				3C1F01CF286E93CB0065D5AD /* Main.storyboard in Resources */,
			);
			runOnlyForDeploymentPostprocessing = 0;
		};
/* End PBXResourcesBuildPhase section */

/* Begin PBXSourcesBuildPhase section */
		3C1F01C0286E93CB0065D5AD /* Sources */ = {
			isa = PBXSourcesBuildPhase;
			buildActionMask = 2147483647;
			files = (
				3C1F01CC286E93CB0065D5AD /* ViewController.swift in Sources */,
				3C1F01D2286E93CB0065D5AD /* carros.xcdatamodeld in Sources */,
				3C1F01C8286E93CB0065D5AD /* AppDelegate.swift in Sources */,
				3C1F01CA286E93CB0065D5AD /* SceneDelegate.swift in Sources */,
			);
			runOnlyForDeploymentPostprocessing = 0;
		};
/* End PBXSourcesBuildPhase section */

/* Begin PBXVariantGroup section */
		3C1F01CD286E93CB0065D5AD /* Main.storyboard */ = {
			isa = PBXVariantGroup;
			children = (
				3C1F01CE286E93CB0065D5AD /* Base */,
			);
			name = Main.storyboard;
			sourceTree = "<group>";
		};
		3C1F01D5286E93CF0065D5AD /* LaunchScreen.storyboard */ = {
			isa = PBXVariantGroup;
			children = (
				3C1F01D6286E93CF0065D5AD /* Base */,
			);
			name = LaunchScreen.storyboard;
			sourceTree = "<group>";
		};
/* End PBXVariantGroup section */

/* Begin XCBuildConfiguration section */
		3C1F01D9286E93CF0065D5AD /* Debug */ = {
			isa = XCBuildConfiguration;
			buildSettings = {
				ALWAYS_SEARCH_USER_PATHS = NO;
				CLANG_ANALYZER_NONNULL = YES;
				CLANG_ANALYZER_NUMBER_OBJECT_CONVERSION = YES_AGGRESSIVE;
				CLANG_CXX_LANGUAGE_STANDARD = "gnu++17";
				CLANG_ENABLE_MODULES = YES;
				CLANG_ENABLE_OBJC_ARC = YES;
				CLANG_ENABLE_OBJC_WEAK = YES;
				CLANG_WARN_BLOCK_CAPTURE_AUTORELEASING = YES;
				CLANG_WARN_BOOL_CONVERSION = YES;
				CLANG_WARN_COMMA = YES;
				CLANG_WARN_CONSTANT_CONVERSION = YES;
				CLANG_WARN_DEPRECATED_OBJC_IMPLEMENTATIONS = YES;
				CLANG_WARN_DIRECT_OBJC_ISA_USAGE = YES_ERROR;
				CLANG_WARN_DOCUMENTATION_COMMENTS = YES;
				CLANG_WARN_EMPTY_BODY = YES;
				CLANG_WARN_ENUM_CONVERSION = YES;
				CLANG_WARN_INFINITE_RECURSION = YES;
				CLANG_WARN_INT_CONVERSION = YES;
				CLANG_WARN_NON_LITERAL_NULL_CONVERSION = YES;
				CLANG_WARN_OBJC_IMPLICIT_RETAIN_SELF = YES;
				CLANG_WARN_OBJC_LITERAL_CONVERSION = YES;
				CLANG_WARN_OBJC_ROOT_CLASS = YES_ERROR;
				CLANG_WARN_QUOTED_INCLUDE_IN_FRAMEWORK_HEADER = YES;
				CLANG_WARN_RANGE_LOOP_ANALYSIS = YES;
				CLANG_WARN_STRICT_PROTOTYPES = YES;
				CLANG_WARN_SUSPICIOUS_MOVE = YES;
				CLANG_WARN_UNGUARDED_AVAILABILITY = YES_AGGRESSIVE;
				CLANG_WARN_UNREACHABLE_CODE = YES;
				CLANG_WARN__DUPLICATE_METHOD_MATCH = YES;
				COPY_PHASE_STRIP = NO;
				DEBUG_INFORMATION_FORMAT = dwarf;
				ENABLE_STRICT_OBJC_MSGSEND = YES;
				ENABLE_TESTABILITY = YES;
				GCC_C_LANGUAGE_STANDARD = gnu11;
				GCC_DYNAMIC_NO_PIC = NO;
				GCC_NO_COMMON_BLOCKS = YES;
				GCC_OPTIMIZATION_LEVEL = 0;
				GCC_PREPROCESSOR_DEFINITIONS = (
					"DEBUG=1",
					"$(inherited)",
				);
				GCC_WARN_64_TO_32_BIT_CONVERSION = YES;
				GCC_WARN_ABOUT_RETURN_TYPE = YES_ERROR;
				GCC_WARN_UNDECLARED_SELECTOR = YES;
				GCC_WARN_UNINITIALIZED_AUTOS = YES_AGGRESSIVE;
				GCC_WARN_UNUSED_FUNCTION = YES;
				GCC_WARN_UNUSED_VARIABLE = YES;
				IPHONEOS_DEPLOYMENT_TARGET = 15.5;
				MTL_ENABLE_DEBUG_INFO = INCLUDE_SOURCE;
				MTL_FAST_MATH = YES;
				ONLY_ACTIVE_ARCH = YES;
				SDKROOT = iphoneos;
				SWIFT_ACTIVE_COMPILATION_CONDITIONS = DEBUG;
				SWIFT_OPTIMIZATION_LEVEL = "-Onone";
			};
			name = Debug;
		};
		3C1F01DA286E93CF0065D5AD /* Release */ = {
			isa = XCBuildConfiguration;
			buildSettings = {
				ALWAYS_SEARCH_USER_PATHS = NO;
				CLANG_ANALYZER_NONNULL = YES;
				CLANG_ANALYZER_NUMBER_OBJECT_CONVERSION = YES_AGGRESSIVE;
				CLANG_CXX_LANGUAGE_STANDARD = "gnu++17";
				CLANG_ENABLE_MODULES = YES;
				CLANG_ENABLE_OBJC_ARC = YES;
				CLANG_ENABLE_OBJC_WEAK = YES;
				CLANG_WARN_BLOCK_CAPTURE_AUTORELEASING = YES;
				CLANG_WARN_BOOL_CONVERSION = YES;
				CLANG_WARN_COMMA = YES;
				CLANG_WARN_CONSTANT_CONVERSION = YES;
				CLANG_WARN_DEPRECATED_OBJC_IMPLEMENTATIONS = YES;
				CLANG_WARN_DIRECT_OBJC_ISA_USAGE = YES_ERROR;
				CLANG_WARN_DOCUMENTATION_COMMENTS = YES;
				CLANG_WARN_EMPTY_BODY = YES;
				CLANG_WARN_ENUM_CONVERSION = YES;
				CLANG_WARN_INFINITE_RECURSION = YES;
				CLANG_WARN_INT_CONVERSION = YES;
				CLANG_WARN_NON_LITERAL_NULL_CONVERSION = YES;
				CLANG_WARN_OBJC_IMPLICIT_RETAIN_SELF = YES;
				CLANG_WARN_OBJC_LITERAL_CONVERSION = YES;
				CLANG_WARN_OBJC_ROOT_CLASS = YES_ERROR;
				CLANG_WARN_QUOTED_INCLUDE_IN_FRAMEWORK_HEADER = YES;
				CLANG_WARN_RANGE_LOOP_ANALYSIS = YES;
				CLANG_WARN_STRICT_PROTOTYPES = YES;
				CLANG_WARN_SUSPICIOUS_MOVE = YES;
				CLANG_WARN_UNGUARDED_AVAILABILITY = YES_AGGRESSIVE;
				CLANG_WARN_UNREACHABLE_CODE = YES;
				CLANG_WARN__DUPLICATE_METHOD_MATCH = YES;
				COPY_PHASE_STRIP = NO;
				DEBUG_INFORMATION_FORMAT = "dwarf-with-dsym";
				ENABLE_NS_ASSERTIONS = NO;
				ENABLE_STRICT_OBJC_MSGSEND = YES;
				GCC_C_LANGUAGE_STANDARD = gnu11;
				GCC_NO_COMMON_BLOCKS = YES;
				GCC_WARN_64_TO_32_BIT_CONVERSION = YES;
				GCC_WARN_ABOUT_RETURN_TYPE = YES_ERROR;
				GCC_WARN_UNDECLARED_SELECTOR = YES;
				GCC_WARN_UNINITIALIZED_AUTOS = YES_AGGRESSIVE;
				GCC_WARN_UNUSED_FUNCTION = YES;
				GCC_WARN_UNUSED_VARIABLE = YES;
				IPHONEOS_DEPLOYMENT_TARGET = 15.5;
				MTL_ENABLE_DEBUG_INFO = NO;
				MTL_FAST_MATH = YES;
				SDKROOT = iphoneos;
				SWIFT_COMPILATION_MODE = wholemodule;
				SWIFT_OPTIMIZATION_LEVEL = "-O";
				VALIDATE_PRODUCT = YES;
			};
			name = Release;
		};
		3C1F01DC286E93CF0065D5AD /* Debug */ = {
			isa = XCBuildConfiguration;
			buildSettings = {
				ASSETCATALOG_COMPILER_APPICON_NAME = AppIcon;
				ASSETCATALOG_COMPILER_GLOBAL_ACCENT_COLOR_NAME = AccentColor;
				CODE_SIGN_STYLE = Automatic;
				CURRENT_PROJECT_VERSION = 1;
				DEVELOPMENT_TEAM = WDY6A2ZGKZ;
				GENERATE_INFOPLIST_FILE = YES;
				INFOPLIST_FILE = carros/Info.plist;
				INFOPLIST_KEY_UIApplicationSupportsIndirectInputEvents = YES;
				INFOPLIST_KEY_UILaunchStoryboardName = LaunchScreen;
				INFOPLIST_KEY_UIMainStoryboardFile = Main;
				INFOPLIST_KEY_UISupportedInterfaceOrientations_iPad = "UIInterfaceOrientationPortrait UIInterfaceOrientationPortraitUpsideDown UIInterfaceOrientationLandscapeLeft UIInterfaceOrientationLandscapeRight";
				INFOPLIST_KEY_UISupportedInterfaceOrientations_iPhone = "UIInterfaceOrientationPortrait UIInterfaceOrientationLandscapeLeft UIInterfaceOrientationLandscapeRight";
				LD_RUNPATH_SEARCH_PATHS = (
					"$(inherited)",
					"@executable_path/Frameworks",
				);
				MARKETING_VERSION = 1.0;
				PRODUCT_BUNDLE_IDENTIFIER = "victorwillyam82-gmail.com.carros";
				PRODUCT_NAME = "$(TARGET_NAME)";
				SWIFT_EMIT_LOC_STRINGS = YES;
				SWIFT_VERSION = 5.0;
				TARGETED_DEVICE_FAMILY = "1,2";
			};
			name = Debug;
		};
		3C1F01DD286E93CF0065D5AD /* Release */ = {
			isa = XCBuildConfiguration;
			buildSettings = {
				ASSETCATALOG_COMPILER_APPICON_NAME = AppIcon;
				ASSETCATALOG_COMPILER_GLOBAL_ACCENT_COLOR_NAME = AccentColor;
				CODE_SIGN_STYLE = Automatic;
				CURRENT_PROJECT_VERSION = 1;
				DEVELOPMENT_TEAM = WDY6A2ZGKZ;
				GENERATE_INFOPLIST_FILE = YES;
				INFOPLIST_FILE = carros/Info.plist;
				INFOPLIST_KEY_UIApplicationSupportsIndirectInputEvents = YES;
				INFOPLIST_KEY_UILaunchStoryboardName = LaunchScreen;
				INFOPLIST_KEY_UIMainStoryboardFile = Main;
				INFOPLIST_KEY_UISupportedInterfaceOrientations_iPad = "UIInterfaceOrientationPortrait UIInterfaceOrientationPortraitUpsideDown UIInterfaceOrientationLandscapeLeft UIInterfaceOrientationLandscapeRight";
				INFOPLIST_KEY_UISupportedInterfaceOrientations_iPhone = "UIInterfaceOrientationPortrait UIInterfaceOrientationLandscapeLeft UIInterfaceOrientationLandscapeRight";
				LD_RUNPATH_SEARCH_PATHS = (
					"$(inherited)",
					"@executable_path/Frameworks",
				);
				MARKETING_VERSION = 1.0;
				PRODUCT_BUNDLE_IDENTIFIER = "victorwillyam82-gmail.com.carros";
				PRODUCT_NAME = "$(TARGET_NAME)";
				SWIFT_EMIT_LOC_STRINGS = YES;
				SWIFT_VERSION = 5.0;
				TARGETED_DEVICE_FAMILY = "1,2";
			};
			name = Release;
		};
/* End XCBuildConfiguration section */

/* Begin XCConfigurationList section */
		3C1F01BF286E93CB0065D5AD /* Build configuration list for PBXProject "carros" */ = {
			isa = XCConfigurationList;
			buildConfigurations = (
				3C1F01D9286E93CF0065D5AD /* Debug */,
				3C1F01DA286E93CF0065D5AD /* Release */,
			);
			defaultConfigurationIsVisible = 0;
			defaultConfigurationName = Release;
		};
		3C1F01DB286E93CF0065D5AD /* Build configuration list for PBXNativeTarget "carros" */ = {
			isa = XCConfigurationList;
			buildConfigurations = (
				3C1F01DC286E93CF0065D5AD /* Debug */,
				3C1F01DD286E93CF0065D5AD /* Release */,
			);
			defaultConfigurationIsVisible = 0;
			defaultConfigurationName = Release;
		};
/* End XCConfigurationList section */

/* Begin XCVersionGroup section */
		3C1F01D0286E93CB0065D5AD /* carros.xcdatamodeld */ = {
			isa = XCVersionGroup;
			children = (
				3C1F01D1286E93CB0065D5AD /* carros.xcdatamodel */,
			);
			currentVersion = 3C1F01D1286E93CB0065D5AD /* carros.xcdatamodel */;
			path = carros.xcdatamodeld;
			sourceTree = "<group>";
			versionGroupType = wrapper.xcdatamodel;
		};
/* End XCVersionGroup section */
	};
	rootObject = 3C1F01BC286E93CB0065D5AD /* Project object */;
}
